// !$*UTF8*$!
{
	archiveVersion = 1;
	classes = {
	};
	objectVersion = 56;
	objects = {

/* Begin PBXBuildFile section */
		161AF84D2C6417E700854037 /* AppDelegate.swift in Sources */ = {isa = PBXBuildFile; fileRef = 161AF84C2C6417E700854037 /* AppDelegate.swift */; };
		161AF84F2C6417E700854037 /* SceneDelegate.swift in Sources */ = {isa = PBXBuildFile; fileRef = 161AF84E2C6417E700854037 /* SceneDelegate.swift */; };
		161AF8562C6417E800854037 /* Assets.xcassets in Resources */ = {isa = PBXBuildFile; fileRef = 161AF8552C6417E800854037 /* Assets.xcassets */; };
		161AF8592C6417E800854037 /* Base in Resources */ = {isa = PBXBuildFile; fileRef = 161AF8582C6417E800854037 /* Base */; };
		161AF87E2C64188800854037 /* ApplicationCoordinator.swift in Sources */ = {isa = PBXBuildFile; fileRef = 161AF87D2C64188800854037 /* ApplicationCoordinator.swift */; };
		161AF8822C64189D00854037 /* Coordinator.swift in Sources */ = {isa = PBXBuildFile; fileRef = 161AF87F2C64189D00854037 /* Coordinator.swift */; };
		161AF8832C64189D00854037 /* LotteryDrawCoordinator.swift in Sources */ = {isa = PBXBuildFile; fileRef = 161AF8802C64189D00854037 /* LotteryDrawCoordinator.swift */; };
		161AF8942C6418AC00854037 /* draws.json in Resources */ = {isa = PBXBuildFile; fileRef = 161AF8842C6418AB00854037 /* draws.json */; };
		161AF8952C6418AC00854037 /* AppConstants.swift in Sources */ = {isa = PBXBuildFile; fileRef = 161AF8862C6418AB00854037 /* AppConstants.swift */; };
		161AF8962C6418AC00854037 /* DeveloperPreview.swift in Sources */ = {isa = PBXBuildFile; fileRef = 161AF8872C6418AB00854037 /* DeveloperPreview.swift */; };
		161AF8972C6418AC00854037 /* LotteryDraw.swift in Sources */ = {isa = PBXBuildFile; fileRef = 161AF8882C6418AB00854037 /* LotteryDraw.swift */; };
		161AF8982C6418AC00854037 /* Int+InWords.swift in Sources */ = {isa = PBXBuildFile; fileRef = 161AF88A2C6418AB00854037 /* Int+InWords.swift */; };
		161AF8992C6418AC00854037 /* String+Extensions.swift in Sources */ = {isa = PBXBuildFile; fileRef = 161AF88B2C6418AB00854037 /* String+Extensions.swift */; };
		161AF89A2C6418AC00854037 /* LotteryDrawItemView.swift in Sources */ = {isa = PBXBuildFile; fileRef = 161AF88D2C6418AB00854037 /* LotteryDrawItemView.swift */; };
		161AF89B2C6418AC00854037 /* LotteryDrawView.swift in Sources */ = {isa = PBXBuildFile; fileRef = 161AF88E2C6418AB00854037 /* LotteryDrawView.swift */; };
		161AF89C2C6418AC00854037 /* LotteryDrawItemViewModel.swift in Sources */ = {isa = PBXBuildFile; fileRef = 161AF8902C6418AB00854037 /* LotteryDrawItemViewModel.swift */; };
		161AF89D2C6418AC00854037 /* LotteryDrawListView.swift in Sources */ = {isa = PBXBuildFile; fileRef = 161AF8912C6418AB00854037 /* LotteryDrawListView.swift */; };
		161AF89E2C6418AC00854037 /* LotteryDrawListViewModel.swift in Sources */ = {isa = PBXBuildFile; fileRef = 161AF8922C6418AB00854037 /* LotteryDrawListViewModel.swift */; };
		161AF8A32C6418B300854037 /* LotteryDataService.swift in Sources */ = {isa = PBXBuildFile; fileRef = 161AF8A02C6418B300854037 /* LotteryDataService.swift */; };
		161AF8AC2C64202600854037 /* StateModel.swift in Sources */ = {isa = PBXBuildFile; fileRef = 161AF8AB2C64202600854037 /* StateModel.swift */; };
		161AF8B02C64205300854037 /* Features.swift in Sources */ = {isa = PBXBuildFile; fileRef = 161AF8AD2C64205300854037 /* Features.swift */; };
		161AF8B12C64205300854037 /* DomainResult.swift in Sources */ = {isa = PBXBuildFile; fileRef = 161AF8AE2C64205300854037 /* DomainResult.swift */; };
		161AF8B22C64205300854037 /* ClientError.swift in Sources */ = {isa = PBXBuildFile; fileRef = 161AF8AF2C64205300854037 /* ClientError.swift */; };
		161AF8B42C6421E600854037 /* FetchLotteryDrawListUseCase.swift in Sources */ = {isa = PBXBuildFile; fileRef = 161AF8B32C6421E600854037 /* FetchLotteryDrawListUseCase.swift */; };
		161AF8B72C64299800854037 /* ErrorPopupView.swift in Sources */ = {isa = PBXBuildFile; fileRef = 161AF8B62C64299800854037 /* ErrorPopupView.swift */; };
		161AF8B92C642ABB00854037 /* Color+Extensions.swift in Sources */ = {isa = PBXBuildFile; fileRef = 161AF8B82C642ABB00854037 /* Color+Extensions.swift */; };
		161AF8BB2C642AFF00854037 /* Colors.xcassets in Resources */ = {isa = PBXBuildFile; fileRef = 161AF8BA2C642AFF00854037 /* Colors.xcassets */; };
		161AF8BD2C64304200854037 /* MockLotteryDataService.swift in Sources */ = {isa = PBXBuildFile; fileRef = 161AF8BC2C64304200854037 /* MockLotteryDataService.swift */; };
		161AF8C12C6541C200854037 /* LotteryDrawRepository.swift in Sources */ = {isa = PBXBuildFile; fileRef = 161AF8C02C6541C200854037 /* LotteryDrawRepository.swift */; };
		161AF8C42C65441D00854037 /* ReachabilityChecker.swift in Sources */ = {isa = PBXBuildFile; fileRef = 161AF8C32C65441D00854037 /* ReachabilityChecker.swift */; };
		161AF8C72C655CB500854037 /* LotteryDrawTests.swift in Sources */ = {isa = PBXBuildFile; fileRef = 161AF8C62C655CB500854037 /* LotteryDrawTests.swift */; };
		161AF8CA2C655D0B00854037 /* TestUtilities.swift in Sources */ = {isa = PBXBuildFile; fileRef = 161AF8C82C655D0B00854037 /* TestUtilities.swift */; };
		161AF8CD2C655D3D00854037 /* draws.json in Resources */ = {isa = PBXBuildFile; fileRef = 161AF8CC2C655D3D00854037 /* draws.json */; };
		161AF8D12C655FB800854037 /* MockReachabilityChecker.swift in Sources */ = {isa = PBXBuildFile; fileRef = 161AF8D02C655FB800854037 /* MockReachabilityChecker.swift */; };
		161AF8D32C65622A00854037 /* MockFetchLotteryDrawListUseCase.swift in Sources */ = {isa = PBXBuildFile; fileRef = 161AF8D22C65622A00854037 /* MockFetchLotteryDrawListUseCase.swift */; };
		161AF8D52C65630B00854037 /* LotteryDrawListViewModelTests.swift in Sources */ = {isa = PBXBuildFile; fileRef = 161AF8D42C65630B00854037 /* LotteryDrawListViewModelTests.swift */; };
		161AF8D72C657BD100854037 /* MockLotteryDrawRepository.swift in Sources */ = {isa = PBXBuildFile; fileRef = 161AF8D62C657BD000854037 /* MockLotteryDrawRepository.swift */; };
		161AF8DA2C657C9300854037 /* FetchLotteryDrawListUseCaseTests.swift in Sources */ = {isa = PBXBuildFile; fileRef = 161AF8D92C657C9300854037 /* FetchLotteryDrawListUseCaseTests.swift */; };
		161AF8DE2C6695B200854037 /* LotteryDrawRepositoryTests.swift in Sources */ = {isa = PBXBuildFile; fileRef = 161AF8DD2C6695B200854037 /* LotteryDrawRepositoryTests.swift */; };
		161AF8E02C6696CA00854037 /* MockLotteryDrawResultFetchable.swift in Sources */ = {isa = PBXBuildFile; fileRef = 161AF8DF2C6696CA00854037 /* MockLotteryDrawResultFetchable.swift */; };
		161AF8E32C66A61E00854037 /* LotteryDrawDetailViewModel.swift in Sources */ = {isa = PBXBuildFile; fileRef = 161AF8E22C66A61E00854037 /* LotteryDrawDetailViewModel.swift */; };
		161AF8E52C66A73B00854037 /* LotteryDrawDetailView.swift in Sources */ = {isa = PBXBuildFile; fileRef = 161AF8E42C66A73B00854037 /* LotteryDrawDetailView.swift */; };
		161AF8E72C66B13400854037 /* NumberCardView.swift in Sources */ = {isa = PBXBuildFile; fileRef = 161AF8E62C66B13400854037 /* NumberCardView.swift */; };
/* End PBXBuildFile section */

/* Begin PBXContainerItemProxy section */
		161AF8602C6417E800854037 /* PBXContainerItemProxy */ = {
			isa = PBXContainerItemProxy;
			containerPortal = 161AF8412C6417E700854037 /* Project object */;
			proxyType = 1;
			remoteGlobalIDString = 161AF8482C6417E700854037;
			remoteInfo = SuperLotto;
		};
		161AF86A2C6417E800854037 /* PBXContainerItemProxy */ = {
			isa = PBXContainerItemProxy;
			containerPortal = 161AF8412C6417E700854037 /* Project object */;
			proxyType = 1;
			remoteGlobalIDString = 161AF8482C6417E700854037;
			remoteInfo = SuperLotto;
		};
/* End PBXContainerItemProxy section */

/* Begin PBXFileReference section */
		161AF8492C6417E700854037 /* SuperLotto.app */ = {isa = PBXFileReference; explicitFileType = wrapper.application; includeInIndex = 0; path = SuperLotto.app; sourceTree = BUILT_PRODUCTS_DIR; };
		161AF84C2C6417E700854037 /* AppDelegate.swift */ = {isa = PBXFileReference; lastKnownFileType = sourcecode.swift; path = AppDelegate.swift; sourceTree = "<group>"; };
		161AF84E2C6417E700854037 /* SceneDelegate.swift */ = {isa = PBXFileReference; lastKnownFileType = sourcecode.swift; path = SceneDelegate.swift; sourceTree = "<group>"; };
		161AF8552C6417E800854037 /* Assets.xcassets */ = {isa = PBXFileReference; lastKnownFileType = folder.assetcatalog; path = Assets.xcassets; sourceTree = "<group>"; };
		161AF8582C6417E800854037 /* Base */ = {isa = PBXFileReference; lastKnownFileType = file.storyboard; name = Base; path = Base.lproj/LaunchScreen.storyboard; sourceTree = "<group>"; };
		161AF85A2C6417E800854037 /* Info.plist */ = {isa = PBXFileReference; lastKnownFileType = text.plist.xml; path = Info.plist; sourceTree = "<group>"; };
		161AF85F2C6417E800854037 /* SuperLottoTests.xctest */ = {isa = PBXFileReference; explicitFileType = wrapper.cfbundle; includeInIndex = 0; path = SuperLottoTests.xctest; sourceTree = BUILT_PRODUCTS_DIR; };
		161AF8692C6417E800854037 /* SuperLottoUITests.xctest */ = {isa = PBXFileReference; explicitFileType = wrapper.cfbundle; includeInIndex = 0; path = SuperLottoUITests.xctest; sourceTree = BUILT_PRODUCTS_DIR; };
		161AF87D2C64188800854037 /* ApplicationCoordinator.swift */ = {isa = PBXFileReference; fileEncoding = 4; lastKnownFileType = sourcecode.swift; path = ApplicationCoordinator.swift; sourceTree = "<group>"; };
		161AF87F2C64189D00854037 /* Coordinator.swift */ = {isa = PBXFileReference; fileEncoding = 4; lastKnownFileType = sourcecode.swift; path = Coordinator.swift; sourceTree = "<group>"; };
		161AF8802C64189D00854037 /* LotteryDrawCoordinator.swift */ = {isa = PBXFileReference; fileEncoding = 4; lastKnownFileType = sourcecode.swift; path = LotteryDrawCoordinator.swift; sourceTree = "<group>"; };
		161AF8842C6418AB00854037 /* draws.json */ = {isa = PBXFileReference; fileEncoding = 4; lastKnownFileType = text.json; path = draws.json; sourceTree = "<group>"; };
		161AF8862C6418AB00854037 /* AppConstants.swift */ = {isa = PBXFileReference; fileEncoding = 4; lastKnownFileType = sourcecode.swift; path = AppConstants.swift; sourceTree = "<group>"; };
		161AF8872C6418AB00854037 /* DeveloperPreview.swift */ = {isa = PBXFileReference; fileEncoding = 4; lastKnownFileType = sourcecode.swift; path = DeveloperPreview.swift; sourceTree = "<group>"; };
		161AF8882C6418AB00854037 /* LotteryDraw.swift */ = {isa = PBXFileReference; fileEncoding = 4; lastKnownFileType = sourcecode.swift; path = LotteryDraw.swift; sourceTree = "<group>"; };
		161AF88A2C6418AB00854037 /* Int+InWords.swift */ = {isa = PBXFileReference; fileEncoding = 4; lastKnownFileType = sourcecode.swift; path = "Int+InWords.swift"; sourceTree = "<group>"; };
		161AF88B2C6418AB00854037 /* String+Extensions.swift */ = {isa = PBXFileReference; fileEncoding = 4; lastKnownFileType = sourcecode.swift; path = "String+Extensions.swift"; sourceTree = "<group>"; };
		161AF88D2C6418AB00854037 /* LotteryDrawItemView.swift */ = {isa = PBXFileReference; fileEncoding = 4; lastKnownFileType = sourcecode.swift; path = LotteryDrawItemView.swift; sourceTree = "<group>"; };
		161AF88E2C6418AB00854037 /* LotteryDrawView.swift */ = {isa = PBXFileReference; fileEncoding = 4; lastKnownFileType = sourcecode.swift; path = LotteryDrawView.swift; sourceTree = "<group>"; };
		161AF8902C6418AB00854037 /* LotteryDrawItemViewModel.swift */ = {isa = PBXFileReference; fileEncoding = 4; lastKnownFileType = sourcecode.swift; path = LotteryDrawItemViewModel.swift; sourceTree = "<group>"; };
		161AF8912C6418AB00854037 /* LotteryDrawListView.swift */ = {isa = PBXFileReference; fileEncoding = 4; lastKnownFileType = sourcecode.swift; path = LotteryDrawListView.swift; sourceTree = "<group>"; };
		161AF8922C6418AB00854037 /* LotteryDrawListViewModel.swift */ = {isa = PBXFileReference; fileEncoding = 4; lastKnownFileType = sourcecode.swift; path = LotteryDrawListViewModel.swift; sourceTree = "<group>"; };
		161AF8A02C6418B300854037 /* LotteryDataService.swift */ = {isa = PBXFileReference; fileEncoding = 4; lastKnownFileType = sourcecode.swift; path = LotteryDataService.swift; sourceTree = "<group>"; };
		161AF8AB2C64202600854037 /* StateModel.swift */ = {isa = PBXFileReference; fileEncoding = 4; lastKnownFileType = sourcecode.swift; path = StateModel.swift; sourceTree = "<group>"; };
		161AF8AD2C64205300854037 /* Features.swift */ = {isa = PBXFileReference; fileEncoding = 4; lastKnownFileType = sourcecode.swift; path = Features.swift; sourceTree = "<group>"; };
		161AF8AE2C64205300854037 /* DomainResult.swift */ = {isa = PBXFileReference; fileEncoding = 4; lastKnownFileType = sourcecode.swift; path = DomainResult.swift; sourceTree = "<group>"; };
		161AF8AF2C64205300854037 /* ClientError.swift */ = {isa = PBXFileReference; fileEncoding = 4; lastKnownFileType = sourcecode.swift; path = ClientError.swift; sourceTree = "<group>"; };
		161AF8B32C6421E600854037 /* FetchLotteryDrawListUseCase.swift */ = {isa = PBXFileReference; lastKnownFileType = sourcecode.swift; path = FetchLotteryDrawListUseCase.swift; sourceTree = "<group>"; };
		161AF8B62C64299800854037 /* ErrorPopupView.swift */ = {isa = PBXFileReference; fileEncoding = 4; lastKnownFileType = sourcecode.swift; path = ErrorPopupView.swift; sourceTree = "<group>"; };
		161AF8B82C642ABB00854037 /* Color+Extensions.swift */ = {isa = PBXFileReference; fileEncoding = 4; lastKnownFileType = sourcecode.swift; path = "Color+Extensions.swift"; sourceTree = "<group>"; };
		161AF8BA2C642AFF00854037 /* Colors.xcassets */ = {isa = PBXFileReference; lastKnownFileType = folder.assetcatalog; path = Colors.xcassets; sourceTree = "<group>"; };
		161AF8BC2C64304200854037 /* MockLotteryDataService.swift */ = {isa = PBXFileReference; fileEncoding = 4; lastKnownFileType = sourcecode.swift; path = MockLotteryDataService.swift; sourceTree = "<group>"; };
		161AF8C02C6541C200854037 /* LotteryDrawRepository.swift */ = {isa = PBXFileReference; lastKnownFileType = sourcecode.swift; path = LotteryDrawRepository.swift; sourceTree = "<group>"; };
		161AF8C32C65441D00854037 /* ReachabilityChecker.swift */ = {isa = PBXFileReference; lastKnownFileType = sourcecode.swift; path = ReachabilityChecker.swift; sourceTree = "<group>"; };
		161AF8C62C655CB500854037 /* LotteryDrawTests.swift */ = {isa = PBXFileReference; lastKnownFileType = sourcecode.swift; path = LotteryDrawTests.swift; sourceTree = "<group>"; };
		161AF8C82C655D0B00854037 /* TestUtilities.swift */ = {isa = PBXFileReference; fileEncoding = 4; lastKnownFileType = sourcecode.swift; path = TestUtilities.swift; sourceTree = "<group>"; };
		161AF8CC2C655D3D00854037 /* draws.json */ = {isa = PBXFileReference; fileEncoding = 4; lastKnownFileType = text.json; path = draws.json; sourceTree = "<group>"; };
		161AF8D02C655FB800854037 /* MockReachabilityChecker.swift */ = {isa = PBXFileReference; lastKnownFileType = sourcecode.swift; path = MockReachabilityChecker.swift; sourceTree = "<group>"; };
		161AF8D22C65622A00854037 /* MockFetchLotteryDrawListUseCase.swift */ = {isa = PBXFileReference; lastKnownFileType = sourcecode.swift; path = MockFetchLotteryDrawListUseCase.swift; sourceTree = "<group>"; };
		161AF8D42C65630B00854037 /* LotteryDrawListViewModelTests.swift */ = {isa = PBXFileReference; lastKnownFileType = sourcecode.swift; path = LotteryDrawListViewModelTests.swift; sourceTree = "<group>"; };
		161AF8D62C657BD000854037 /* MockLotteryDrawRepository.swift */ = {isa = PBXFileReference; lastKnownFileType = sourcecode.swift; path = MockLotteryDrawRepository.swift; sourceTree = "<group>"; };
		161AF8D92C657C9300854037 /* FetchLotteryDrawListUseCaseTests.swift */ = {isa = PBXFileReference; lastKnownFileType = sourcecode.swift; path = FetchLotteryDrawListUseCaseTests.swift; sourceTree = "<group>"; };
		161AF8DD2C6695B200854037 /* LotteryDrawRepositoryTests.swift */ = {isa = PBXFileReference; lastKnownFileType = sourcecode.swift; path = LotteryDrawRepositoryTests.swift; sourceTree = "<group>"; };
		161AF8DF2C6696CA00854037 /* MockLotteryDrawResultFetchable.swift */ = {isa = PBXFileReference; lastKnownFileType = sourcecode.swift; path = MockLotteryDrawResultFetchable.swift; sourceTree = "<group>"; };
		161AF8E22C66A61E00854037 /* LotteryDrawDetailViewModel.swift */ = {isa = PBXFileReference; lastKnownFileType = sourcecode.swift; path = LotteryDrawDetailViewModel.swift; sourceTree = "<group>"; };
		161AF8E42C66A73B00854037 /* LotteryDrawDetailView.swift */ = {isa = PBXFileReference; lastKnownFileType = sourcecode.swift; path = LotteryDrawDetailView.swift; sourceTree = "<group>"; };
		161AF8E62C66B13400854037 /* NumberCardView.swift */ = {isa = PBXFileReference; lastKnownFileType = sourcecode.swift; path = NumberCardView.swift; sourceTree = "<group>"; };
/* End PBXFileReference section */

/* Begin PBXFrameworksBuildPhase section */
		161AF8462C6417E700854037 /* Frameworks */ = {
			isa = PBXFrameworksBuildPhase;
			buildActionMask = 2147483647;
			files = (
			);
			runOnlyForDeploymentPostprocessing = 0;
		};
		161AF85C2C6417E800854037 /* Frameworks */ = {
			isa = PBXFrameworksBuildPhase;
			buildActionMask = 2147483647;
			files = (
			);
			runOnlyForDeploymentPostprocessing = 0;
		};
		161AF8662C6417E800854037 /* Frameworks */ = {
			isa = PBXFrameworksBuildPhase;
			buildActionMask = 2147483647;
			files = (
			);
			runOnlyForDeploymentPostprocessing = 0;
		};
/* End PBXFrameworksBuildPhase section */

/* Begin PBXGroup section */
		161AF8402C6417E700854037 = {
			isa = PBXGroup;
			children = (
				161AF84B2C6417E700854037 /* SuperLotto */,
				161AF8622C6417E800854037 /* SuperLottoTests */,
				161AF84A2C6417E700854037 /* Products */,
			);
			sourceTree = "<group>";
		};
		161AF84A2C6417E700854037 /* Products */ = {
			isa = PBXGroup;
			children = (
				161AF8492C6417E700854037 /* SuperLotto.app */,
				161AF85F2C6417E800854037 /* SuperLottoTests.xctest */,
				161AF8692C6417E800854037 /* SuperLottoUITests.xctest */,
			);
			name = Products;
			sourceTree = "<group>";
		};
		161AF84B2C6417E700854037 /* SuperLotto */ = {
			isa = PBXGroup;
			children = (
				161AF87C2C6417EE00854037 /* App */,
				161AF8812C64189D00854037 /* Coordinators */,
				161AF88C2C6418AB00854037 /* Extensions */,
				161AF8892C6418AB00854037 /* Models */,
				161AF8A42C64194500854037 /* Resources */,
				161AF8A52C641E0400854037 /* Screens */,
				161AF8A12C6418B300854037 /* Service */,
				161AF8C22C6543F600854037 /* Utilities */,
			);
			path = SuperLotto;
			sourceTree = "<group>";
		};
		161AF8622C6417E800854037 /* SuperLottoTests */ = {
			isa = PBXGroup;
			children = (
				161AF8CF2C655FAE00854037 /* Mocks */,
				161AF8C52C655C7900854037 /* ModelTests */,
				161AF8DC2C66955D00854037 /* RepositoryTests */,
				161AF8CB2C655D2A00854037 /* Stubs */,
				161AF8C92C655D0B00854037 /* TestUtilities */,
				161AF8D82C657C7F00854037 /* UseCaseTests */,
				161AF8CE2C655ED500854037 /* ViewModelTests */,
			);
			path = SuperLottoTests;
			sourceTree = "<group>";
		};
		161AF87C2C6417EE00854037 /* App */ = {
			isa = PBXGroup;
			children = (
				161AF8572C6417E800854037 /* LaunchScreen.storyboard */,
				161AF85A2C6417E800854037 /* Info.plist */,
				161AF84C2C6417E700854037 /* AppDelegate.swift */,
				161AF87D2C64188800854037 /* ApplicationCoordinator.swift */,
				161AF84E2C6417E700854037 /* SceneDelegate.swift */,
			);
			path = App;
			sourceTree = "<group>";
		};
		161AF8812C64189D00854037 /* Coordinators */ = {
			isa = PBXGroup;
			children = (
				161AF87F2C64189D00854037 /* Coordinator.swift */,
				161AF8802C64189D00854037 /* LotteryDrawCoordinator.swift */,
			);
			path = Coordinators;
			sourceTree = "<group>";
		};
		161AF8852C6418AB00854037 /* MockData */ = {
			isa = PBXGroup;
			children = (
				161AF8842C6418AB00854037 /* draws.json */,
			);
			path = MockData;
			sourceTree = "<group>";
		};
		161AF8892C6418AB00854037 /* Models */ = {
			isa = PBXGroup;
			children = (
				161AF8AA2C64201900854037 /* Core */,
				161AF8852C6418AB00854037 /* MockData */,
			);
			path = Models;
			sourceTree = "<group>";
		};
		161AF88C2C6418AB00854037 /* Extensions */ = {
			isa = PBXGroup;
			children = (
				161AF8B82C642ABB00854037 /* Color+Extensions.swift */,
				161AF88A2C6418AB00854037 /* Int+InWords.swift */,
				161AF88B2C6418AB00854037 /* String+Extensions.swift */,
			);
			path = Extensions;
			sourceTree = "<group>";
		};
		161AF88F2C6418AB00854037 /* Views */ = {
			isa = PBXGroup;
			children = (
				161AF8A62C641E5E00854037 /* SubViews */,
				161AF8912C6418AB00854037 /* LotteryDrawListView.swift */,
			);
			path = Views;
			sourceTree = "<group>";
		};
		161AF8932C6418AB00854037 /* DrawList */ = {
			isa = PBXGroup;
			children = (
				161AF8A72C641E7A00854037 /* Model */,
				161AF8A92C641F3B00854037 /* UseCases */,
				161AF8A82C641E8F00854037 /* ViewModel */,
				161AF88F2C6418AB00854037 /* Views */,
			);
			path = DrawList;
			sourceTree = "<group>";
		};
		161AF8A12C6418B300854037 /* Service */ = {
			isa = PBXGroup;
			children = (
				161AF8BC2C64304200854037 /* MockLotteryDataService.swift */,
				161AF8A02C6418B300854037 /* LotteryDataService.swift */,
			);
			path = Service;
			sourceTree = "<group>";
		};
		161AF8A42C64194500854037 /* Resources */ = {
			isa = PBXGroup;
			children = (
				161AF8552C6417E800854037 /* Assets.xcassets */,
				161AF8BA2C642AFF00854037 /* Colors.xcassets */,
			);
			path = Resources;
			sourceTree = "<group>";
		};
		161AF8A52C641E0400854037 /* Screens */ = {
			isa = PBXGroup;
			children = (
				161AF8E12C66A5C200854037 /* DrawDetail */,
				161AF8932C6418AB00854037 /* DrawList */,
				161AF8BE2C6431E600854037 /* UIComponents */,
			);
			path = Screens;
			sourceTree = "<group>";
		};
		161AF8A62C641E5E00854037 /* SubViews */ = {
			isa = PBXGroup;
			children = (
				161AF8902C6418AB00854037 /* LotteryDrawItemViewModel.swift */,
				161AF88D2C6418AB00854037 /* LotteryDrawItemView.swift */,
			);
			path = SubViews;
			sourceTree = "<group>";
		};
		161AF8A72C641E7A00854037 /* Model */ = {
			isa = PBXGroup;
			children = (
				161AF8882C6418AB00854037 /* LotteryDraw.swift */,
				161AF8C02C6541C200854037 /* LotteryDrawRepository.swift */,
			);
			path = Model;
			sourceTree = "<group>";
		};
		161AF8A82C641E8F00854037 /* ViewModel */ = {
			isa = PBXGroup;
			children = (
				161AF8922C6418AB00854037 /* LotteryDrawListViewModel.swift */,
			);
			path = ViewModel;
			sourceTree = "<group>";
		};
		161AF8A92C641F3B00854037 /* UseCases */ = {
			isa = PBXGroup;
			children = (
				161AF8B32C6421E600854037 /* FetchLotteryDrawListUseCase.swift */,
			);
			path = UseCases;
			sourceTree = "<group>";
		};
		161AF8AA2C64201900854037 /* Core */ = {
			isa = PBXGroup;
			children = (
				161AF8862C6418AB00854037 /* AppConstants.swift */,
				161AF8AF2C64205300854037 /* ClientError.swift */,
				161AF8872C6418AB00854037 /* DeveloperPreview.swift */,
				161AF8AE2C64205300854037 /* DomainResult.swift */,
				161AF8AD2C64205300854037 /* Features.swift */,
				161AF8AB2C64202600854037 /* StateModel.swift */,
			);
			path = Core;
			sourceTree = "<group>";
		};
		161AF8BE2C6431E600854037 /* UIComponents */ = {
			isa = PBXGroup;
			children = (
				161AF8B62C64299800854037 /* ErrorPopupView.swift */,
				161AF8E62C66B13400854037 /* NumberCardView.swift */,
			);
			path = UIComponents;
			sourceTree = "<group>";
		};
		161AF8C22C6543F600854037 /* Utilities */ = {
			isa = PBXGroup;
			children = (
				161AF8C32C65441D00854037 /* ReachabilityChecker.swift */,
			);
			path = Utilities;
			sourceTree = "<group>";
		};
		161AF8C52C655C7900854037 /* ModelTests */ = {
			isa = PBXGroup;
			children = (
				161AF8C62C655CB500854037 /* LotteryDrawTests.swift */,
			);
			path = ModelTests;
			sourceTree = "<group>";
		};
		161AF8C92C655D0B00854037 /* TestUtilities */ = {
			isa = PBXGroup;
			children = (
				161AF8C82C655D0B00854037 /* TestUtilities.swift */,
			);
			path = TestUtilities;
			sourceTree = "<group>";
		};
		161AF8CB2C655D2A00854037 /* Stubs */ = {
			isa = PBXGroup;
			children = (
				161AF8CC2C655D3D00854037 /* draws.json */,
			);
			path = Stubs;
			sourceTree = "<group>";
		};
		161AF8CE2C655ED500854037 /* ViewModelTests */ = {
			isa = PBXGroup;
			children = (
				161AF8D42C65630B00854037 /* LotteryDrawListViewModelTests.swift */,
			);
			path = ViewModelTests;
			sourceTree = "<group>";
		};
		161AF8CF2C655FAE00854037 /* Mocks */ = {
			isa = PBXGroup;
			children = (
				161AF8D02C655FB800854037 /* MockReachabilityChecker.swift */,
				161AF8D22C65622A00854037 /* MockFetchLotteryDrawListUseCase.swift */,
				161AF8D62C657BD000854037 /* MockLotteryDrawRepository.swift */,
				161AF8DF2C6696CA00854037 /* MockLotteryDrawResultFetchable.swift */,
			);
			path = Mocks;
			sourceTree = "<group>";
		};
		161AF8D82C657C7F00854037 /* UseCaseTests */ = {
			isa = PBXGroup;
			children = (
				161AF8D92C657C9300854037 /* FetchLotteryDrawListUseCaseTests.swift */,
			);
			path = UseCaseTests;
			sourceTree = "<group>";
		};
		161AF8DC2C66955D00854037 /* RepositoryTests */ = {
			isa = PBXGroup;
			children = (
				161AF8DD2C6695B200854037 /* LotteryDrawRepositoryTests.swift */,
			);
			path = RepositoryTests;
			sourceTree = "<group>";
		};
		161AF8E12C66A5C200854037 /* DrawDetail */ = {
			isa = PBXGroup;
			children = (
				161AF8E82C66BB5900854037 /* View */,
				161AF8E92C66BB6500854037 /* ViewModel */,
			);
			path = DrawDetail;
			sourceTree = "<group>";
		};
		161AF8E82C66BB5900854037 /* View */ = {
			isa = PBXGroup;
			children = (
				161AF8E42C66A73B00854037 /* LotteryDrawDetailView.swift */,
				161AF88E2C6418AB00854037 /* LotteryDrawView.swift */,
			);
			path = View;
			sourceTree = "<group>";
		};
		161AF8E92C66BB6500854037 /* ViewModel */ = {
			isa = PBXGroup;
			children = (
				161AF8E22C66A61E00854037 /* LotteryDrawDetailViewModel.swift */,
			);
			path = ViewModel;
			sourceTree = "<group>";
		};
/* End PBXGroup section */

/* Begin PBXNativeTarget section */
		161AF8482C6417E700854037 /* SuperLotto */ = {
			isa = PBXNativeTarget;
			buildConfigurationList = 161AF8732C6417E800854037 /* Build configuration list for PBXNativeTarget "SuperLotto" */;
			buildPhases = (
				161AF8452C6417E700854037 /* Sources */,
				161AF8462C6417E700854037 /* Frameworks */,
				161AF8472C6417E700854037 /* Resources */,
				161AF8B52C64229400854037 /* SwiftLint */,
			);
			buildRules = (
			);
			dependencies = (
			);
			name = SuperLotto;
			productName = SuperLotto;
			productReference = 161AF8492C6417E700854037 /* SuperLotto.app */;
			productType = "com.apple.product-type.application";
		};
		161AF85E2C6417E800854037 /* SuperLottoTests */ = {
			isa = PBXNativeTarget;
			buildConfigurationList = 161AF8762C6417E800854037 /* Build configuration list for PBXNativeTarget "SuperLottoTests" */;
			buildPhases = (
				161AF85B2C6417E800854037 /* Sources */,
				161AF85C2C6417E800854037 /* Frameworks */,
				161AF85D2C6417E800854037 /* Resources */,
			);
			buildRules = (
			);
			dependencies = (
				161AF8612C6417E800854037 /* PBXTargetDependency */,
			);
			name = SuperLottoTests;
			productName = SuperLottoTests;
			productReference = 161AF85F2C6417E800854037 /* SuperLottoTests.xctest */;
			productType = "com.apple.product-type.bundle.unit-test";
		};
		161AF8682C6417E800854037 /* SuperLottoUITests */ = {
			isa = PBXNativeTarget;
			buildConfigurationList = 161AF8792C6417E800854037 /* Build configuration list for PBXNativeTarget "SuperLottoUITests" */;
			buildPhases = (
				161AF8652C6417E800854037 /* Sources */,
				161AF8662C6417E800854037 /* Frameworks */,
				161AF8672C6417E800854037 /* Resources */,
			);
			buildRules = (
			);
			dependencies = (
				161AF86B2C6417E800854037 /* PBXTargetDependency */,
			);
			name = SuperLottoUITests;
			productName = SuperLottoUITests;
			productReference = 161AF8692C6417E800854037 /* SuperLottoUITests.xctest */;
			productType = "com.apple.product-type.bundle.ui-testing";
		};
/* End PBXNativeTarget section */

/* Begin PBXProject section */
		161AF8412C6417E700854037 /* Project object */ = {
			isa = PBXProject;
			attributes = {
				BuildIndependentTargetsInParallel = 1;
				LastSwiftUpdateCheck = 1540;
				LastUpgradeCheck = 1540;
				TargetAttributes = {
					161AF8482C6417E700854037 = {
						CreatedOnToolsVersion = 15.4;
					};
					161AF85E2C6417E800854037 = {
						CreatedOnToolsVersion = 15.4;
						LastSwiftMigration = 1540;
						TestTargetID = 161AF8482C6417E700854037;
					};
					161AF8682C6417E800854037 = {
						CreatedOnToolsVersion = 15.4;
						TestTargetID = 161AF8482C6417E700854037;
					};
				};
			};
			buildConfigurationList = 161AF8442C6417E700854037 /* Build configuration list for PBXProject "SuperLotto" */;
			compatibilityVersion = "Xcode 14.0";
			developmentRegion = en;
			hasScannedForEncodings = 0;
			knownRegions = (
				en,
				Base,
			);
			mainGroup = 161AF8402C6417E700854037;
			productRefGroup = 161AF84A2C6417E700854037 /* Products */;
			projectDirPath = "";
			projectRoot = "";
			targets = (
				161AF8482C6417E700854037 /* SuperLotto */,
				161AF85E2C6417E800854037 /* SuperLottoTests */,
				161AF8682C6417E800854037 /* SuperLottoUITests */,
			);
		};
/* End PBXProject section */

/* Begin PBXResourcesBuildPhase section */
		161AF8472C6417E700854037 /* Resources */ = {
			isa = PBXResourcesBuildPhase;
			buildActionMask = 2147483647;
			files = (
				161AF8562C6417E800854037 /* Assets.xcassets in Resources */,
				161AF8BB2C642AFF00854037 /* Colors.xcassets in Resources */,
				161AF8592C6417E800854037 /* Base in Resources */,
				161AF8942C6418AC00854037 /* draws.json in Resources */,
			);
			runOnlyForDeploymentPostprocessing = 0;
		};
		161AF85D2C6417E800854037 /* Resources */ = {
			isa = PBXResourcesBuildPhase;
			buildActionMask = 2147483647;
			files = (
				161AF8CD2C655D3D00854037 /* draws.json in Resources */,
			);
			runOnlyForDeploymentPostprocessing = 0;
		};
		161AF8672C6417E800854037 /* Resources */ = {
			isa = PBXResourcesBuildPhase;
			buildActionMask = 2147483647;
			files = (
			);
			runOnlyForDeploymentPostprocessing = 0;
		};
/* End PBXResourcesBuildPhase section */

/* Begin PBXShellScriptBuildPhase section */
		161AF8B52C64229400854037 /* SwiftLint */ = {
			isa = PBXShellScriptBuildPhase;
			buildActionMask = 2147483647;
			files = (
			);
			inputFileListPaths = (
			);
			inputPaths = (
			);
			name = SwiftLint;
			outputFileListPaths = (
			);
			outputPaths = (
			);
			runOnlyForDeploymentPostprocessing = 0;
			shellPath = /bin/sh;
			shellScript = "if [[ \"$(uname -m)\" == arm64 ]]; then\n    export PATH=\"/opt/homebrew/bin:$PATH\"\nfi\n\nif which swiftlint > /dev/null; then\n  swiftlint\nelse\n  echo \"warning: SwiftLint not installed, download from https://github.com/realm/SwiftLint\"\nfi\n";
		};
/* End PBXShellScriptBuildPhase section */

/* Begin PBXSourcesBuildPhase section */
		161AF8452C6417E700854037 /* Sources */ = {
			isa = PBXSourcesBuildPhase;
			buildActionMask = 2147483647;
			files = (
				161AF8B12C64205300854037 /* DomainResult.swift in Sources */,
				161AF8982C6418AC00854037 /* Int+InWords.swift in Sources */,
				161AF8C42C65441D00854037 /* ReachabilityChecker.swift in Sources */,
				161AF8992C6418AC00854037 /* String+Extensions.swift in Sources */,
				161AF89E2C6418AC00854037 /* LotteryDrawListViewModel.swift in Sources */,
				161AF89D2C6418AC00854037 /* LotteryDrawListView.swift in Sources */,
				161AF8832C64189D00854037 /* LotteryDrawCoordinator.swift in Sources */,
				161AF8B22C64205300854037 /* ClientError.swift in Sources */,
				161AF89A2C6418AC00854037 /* LotteryDrawItemView.swift in Sources */,
				161AF8962C6418AC00854037 /* DeveloperPreview.swift in Sources */,
				161AF8E72C66B13400854037 /* NumberCardView.swift in Sources */,
				161AF8E32C66A61E00854037 /* LotteryDrawDetailViewModel.swift in Sources */,
				161AF8A32C6418B300854037 /* LotteryDataService.swift in Sources */,
				161AF8972C6418AC00854037 /* LotteryDraw.swift in Sources */,
				161AF8E52C66A73B00854037 /* LotteryDrawDetailView.swift in Sources */,
				161AF8B92C642ABB00854037 /* Color+Extensions.swift in Sources */,
				161AF8C12C6541C200854037 /* LotteryDrawRepository.swift in Sources */,
				161AF84D2C6417E700854037 /* AppDelegate.swift in Sources */,
				161AF8B42C6421E600854037 /* FetchLotteryDrawListUseCase.swift in Sources */,
				161AF8B02C64205300854037 /* Features.swift in Sources */,
				161AF8822C64189D00854037 /* Coordinator.swift in Sources */,
				161AF8952C6418AC00854037 /* AppConstants.swift in Sources */,
				161AF8B72C64299800854037 /* ErrorPopupView.swift in Sources */,
				161AF8AC2C64202600854037 /* StateModel.swift in Sources */,
				161AF84F2C6417E700854037 /* SceneDelegate.swift in Sources */,
				161AF89C2C6418AC00854037 /* LotteryDrawItemViewModel.swift in Sources */,
				161AF89B2C6418AC00854037 /* LotteryDrawView.swift in Sources */,
				161AF87E2C64188800854037 /* ApplicationCoordinator.swift in Sources */,
				161AF8BD2C64304200854037 /* MockLotteryDataService.swift in Sources */,
			);
			runOnlyForDeploymentPostprocessing = 0;
		};
		161AF85B2C6417E800854037 /* Sources */ = {
			isa = PBXSourcesBuildPhase;
			buildActionMask = 2147483647;
			files = (
				161AF8CA2C655D0B00854037 /* TestUtilities.swift in Sources */,
				161AF8C72C655CB500854037 /* LotteryDrawTests.swift in Sources */,
				161AF8D32C65622A00854037 /* MockFetchLotteryDrawListUseCase.swift in Sources */,
				161AF8D52C65630B00854037 /* LotteryDrawListViewModelTests.swift in Sources */,
				161AF8E02C6696CA00854037 /* MockLotteryDrawResultFetchable.swift in Sources */,
				161AF8DA2C657C9300854037 /* FetchLotteryDrawListUseCaseTests.swift in Sources */,
				161AF8D12C655FB800854037 /* MockReachabilityChecker.swift in Sources */,
				161AF8DE2C6695B200854037 /* LotteryDrawRepositoryTests.swift in Sources */,
				161AF8D72C657BD100854037 /* MockLotteryDrawRepository.swift in Sources */,
			);
			runOnlyForDeploymentPostprocessing = 0;
		};
		161AF8652C6417E800854037 /* Sources */ = {
			isa = PBXSourcesBuildPhase;
			buildActionMask = 2147483647;
			files = (
			);
			runOnlyForDeploymentPostprocessing = 0;
		};
/* End PBXSourcesBuildPhase section */

/* Begin PBXTargetDependency section */
		161AF8612C6417E800854037 /* PBXTargetDependency */ = {
			isa = PBXTargetDependency;
			target = 161AF8482C6417E700854037 /* SuperLotto */;
			targetProxy = 161AF8602C6417E800854037 /* PBXContainerItemProxy */;
		};
		161AF86B2C6417E800854037 /* PBXTargetDependency */ = {
			isa = PBXTargetDependency;
			target = 161AF8482C6417E700854037 /* SuperLotto */;
			targetProxy = 161AF86A2C6417E800854037 /* PBXContainerItemProxy */;
		};
/* End PBXTargetDependency section */

/* Begin PBXVariantGroup section */
		161AF8572C6417E800854037 /* LaunchScreen.storyboard */ = {
			isa = PBXVariantGroup;
			children = (
				161AF8582C6417E800854037 /* Base */,
			);
			name = LaunchScreen.storyboard;
			sourceTree = "<group>";
		};
/* End PBXVariantGroup section */

/* Begin XCBuildConfiguration section */
		161AF8712C6417E800854037 /* Debug */ = {
			isa = XCBuildConfiguration;
			buildSettings = {
				ALWAYS_SEARCH_USER_PATHS = NO;
				ASSETCATALOG_COMPILER_GENERATE_SWIFT_ASSET_SYMBOL_EXTENSIONS = YES;
				CLANG_ANALYZER_NONNULL = YES;
				CLANG_ANALYZER_NUMBER_OBJECT_CONVERSION = YES_AGGRESSIVE;
				CLANG_CXX_LANGUAGE_STANDARD = "gnu++20";
				CLANG_ENABLE_MODULES = YES;
				CLANG_ENABLE_OBJC_ARC = YES;
				CLANG_ENABLE_OBJC_WEAK = YES;
				CLANG_WARN_BLOCK_CAPTURE_AUTORELEASING = YES;
				CLANG_WARN_BOOL_CONVERSION = YES;
				CLANG_WARN_COMMA = YES;
				CLANG_WARN_CONSTANT_CONVERSION = YES;
				CLANG_WARN_DEPRECATED_OBJC_IMPLEMENTATIONS = YES;
				CLANG_WARN_DIRECT_OBJC_ISA_USAGE = YES_ERROR;
				CLANG_WARN_DOCUMENTATION_COMMENTS = YES;
				CLANG_WARN_EMPTY_BODY = YES;
				CLANG_WARN_ENUM_CONVERSION = YES;
				CLANG_WARN_INFINITE_RECURSION = YES;
				CLANG_WARN_INT_CONVERSION = YES;
				CLANG_WARN_NON_LITERAL_NULL_CONVERSION = YES;
				CLANG_WARN_OBJC_IMPLICIT_RETAIN_SELF = YES;
				CLANG_WARN_OBJC_LITERAL_CONVERSION = YES;
				CLANG_WARN_OBJC_ROOT_CLASS = YES_ERROR;
				CLANG_WARN_QUOTED_INCLUDE_IN_FRAMEWORK_HEADER = YES;
				CLANG_WARN_RANGE_LOOP_ANALYSIS = YES;
				CLANG_WARN_STRICT_PROTOTYPES = YES;
				CLANG_WARN_SUSPICIOUS_MOVE = YES;
				CLANG_WARN_UNGUARDED_AVAILABILITY = YES_AGGRESSIVE;
				CLANG_WARN_UNREACHABLE_CODE = YES;
				CLANG_WARN__DUPLICATE_METHOD_MATCH = YES;
				COPY_PHASE_STRIP = NO;
				DEBUG_INFORMATION_FORMAT = dwarf;
				ENABLE_STRICT_OBJC_MSGSEND = YES;
				ENABLE_TESTABILITY = YES;
				ENABLE_USER_SCRIPT_SANDBOXING = NO;
				GCC_C_LANGUAGE_STANDARD = gnu17;
				GCC_DYNAMIC_NO_PIC = NO;
				GCC_NO_COMMON_BLOCKS = YES;
				GCC_OPTIMIZATION_LEVEL = 0;
				GCC_PREPROCESSOR_DEFINITIONS = (
					"DEBUG=1",
					"$(inherited)",
				);
				GCC_WARN_64_TO_32_BIT_CONVERSION = YES;
				GCC_WARN_ABOUT_RETURN_TYPE = YES_ERROR;
				GCC_WARN_UNDECLARED_SELECTOR = YES;
				GCC_WARN_UNINITIALIZED_AUTOS = YES_AGGRESSIVE;
				GCC_WARN_UNUSED_FUNCTION = YES;
				GCC_WARN_UNUSED_VARIABLE = YES;
				IPHONEOS_DEPLOYMENT_TARGET = 17.5;
				LOCALIZATION_PREFERS_STRING_CATALOGS = YES;
				MTL_ENABLE_DEBUG_INFO = INCLUDE_SOURCE;
				MTL_FAST_MATH = YES;
				ONLY_ACTIVE_ARCH = YES;
				SDKROOT = iphoneos;
				SWIFT_ACTIVE_COMPILATION_CONDITIONS = "DEBUG $(inherited)";
				SWIFT_OPTIMIZATION_LEVEL = "-Onone";
			};
			name = Debug;
		};
		161AF8722C6417E800854037 /* Release */ = {
			isa = XCBuildConfiguration;
			buildSettings = {
				ALWAYS_SEARCH_USER_PATHS = NO;
				ASSETCATALOG_COMPILER_GENERATE_SWIFT_ASSET_SYMBOL_EXTENSIONS = YES;
				CLANG_ANALYZER_NONNULL = YES;
				CLANG_ANALYZER_NUMBER_OBJECT_CONVERSION = YES_AGGRESSIVE;
				CLANG_CXX_LANGUAGE_STANDARD = "gnu++20";
				CLANG_ENABLE_MODULES = YES;
				CLANG_ENABLE_OBJC_ARC = YES;
				CLANG_ENABLE_OBJC_WEAK = YES;
				CLANG_WARN_BLOCK_CAPTURE_AUTORELEASING = YES;
				CLANG_WARN_BOOL_CONVERSION = YES;
				CLANG_WARN_COMMA = YES;
				CLANG_WARN_CONSTANT_CONVERSION = YES;
				CLANG_WARN_DEPRECATED_OBJC_IMPLEMENTATIONS = YES;
				CLANG_WARN_DIRECT_OBJC_ISA_USAGE = YES_ERROR;
				CLANG_WARN_DOCUMENTATION_COMMENTS = YES;
				CLANG_WARN_EMPTY_BODY = YES;
				CLANG_WARN_ENUM_CONVERSION = YES;
				CLANG_WARN_INFINITE_RECURSION = YES;
				CLANG_WARN_INT_CONVERSION = YES;
				CLANG_WARN_NON_LITERAL_NULL_CONVERSION = YES;
				CLANG_WARN_OBJC_IMPLICIT_RETAIN_SELF = YES;
				CLANG_WARN_OBJC_LITERAL_CONVERSION = YES;
				CLANG_WARN_OBJC_ROOT_CLASS = YES_ERROR;
				CLANG_WARN_QUOTED_INCLUDE_IN_FRAMEWORK_HEADER = YES;
				CLANG_WARN_RANGE_LOOP_ANALYSIS = YES;
				CLANG_WARN_STRICT_PROTOTYPES = YES;
				CLANG_WARN_SUSPICIOUS_MOVE = YES;
				CLANG_WARN_UNGUARDED_AVAILABILITY = YES_AGGRESSIVE;
				CLANG_WARN_UNREACHABLE_CODE = YES;
				CLANG_WARN__DUPLICATE_METHOD_MATCH = YES;
				COPY_PHASE_STRIP = NO;
				DEBUG_INFORMATION_FORMAT = "dwarf-with-dsym";
				ENABLE_NS_ASSERTIONS = NO;
				ENABLE_STRICT_OBJC_MSGSEND = YES;
				ENABLE_USER_SCRIPT_SANDBOXING = NO;
				GCC_C_LANGUAGE_STANDARD = gnu17;
				GCC_NO_COMMON_BLOCKS = YES;
				GCC_WARN_64_TO_32_BIT_CONVERSION = YES;
				GCC_WARN_ABOUT_RETURN_TYPE = YES_ERROR;
				GCC_WARN_UNDECLARED_SELECTOR = YES;
				GCC_WARN_UNINITIALIZED_AUTOS = YES_AGGRESSIVE;
				GCC_WARN_UNUSED_FUNCTION = YES;
				GCC_WARN_UNUSED_VARIABLE = YES;
				IPHONEOS_DEPLOYMENT_TARGET = 17.5;
				LOCALIZATION_PREFERS_STRING_CATALOGS = YES;
				MTL_ENABLE_DEBUG_INFO = NO;
				MTL_FAST_MATH = YES;
				SDKROOT = iphoneos;
				SWIFT_COMPILATION_MODE = wholemodule;
				VALIDATE_PRODUCT = YES;
			};
			name = Release;
		};
		161AF8742C6417E800854037 /* Debug */ = {
			isa = XCBuildConfiguration;
			buildSettings = {
				ASSETCATALOG_COMPILER_APPICON_NAME = AppIcon;
				ASSETCATALOG_COMPILER_GLOBAL_ACCENT_COLOR_NAME = AccentColor;
				CODE_SIGN_STYLE = Automatic;
				CURRENT_PROJECT_VERSION = 1;
				GENERATE_INFOPLIST_FILE = YES;
				INFOPLIST_FILE = SuperLotto/App/Info.plist;
				INFOPLIST_KEY_UIApplicationSupportsIndirectInputEvents = YES;
				INFOPLIST_KEY_UILaunchStoryboardName = LaunchScreen;
				INFOPLIST_KEY_UIMainStoryboardFile = "";
				INFOPLIST_KEY_UISupportedInterfaceOrientations_iPad = "UIInterfaceOrientationPortrait UIInterfaceOrientationPortraitUpsideDown UIInterfaceOrientationLandscapeLeft UIInterfaceOrientationLandscapeRight";
				INFOPLIST_KEY_UISupportedInterfaceOrientations_iPhone = "UIInterfaceOrientationPortrait UIInterfaceOrientationLandscapeLeft UIInterfaceOrientationLandscapeRight";
				LD_RUNPATH_SEARCH_PATHS = (
					"$(inherited)",
					"@executable_path/Frameworks",
				);
				MARKETING_VERSION = 1.0;
				PRODUCT_BUNDLE_IDENTIFIER = com.abin.dev.SuperLotto;
				PRODUCT_NAME = "$(TARGET_NAME)";
				SWIFT_EMIT_LOC_STRINGS = YES;
				SWIFT_VERSION = 5.0;
				TARGETED_DEVICE_FAMILY = "1,2";
			};
			name = Debug;
		};
		161AF8752C6417E800854037 /* Release */ = {
			isa = XCBuildConfiguration;
			buildSettings = {
				ASSETCATALOG_COMPILER_APPICON_NAME = AppIcon;
				ASSETCATALOG_COMPILER_GLOBAL_ACCENT_COLOR_NAME = AccentColor;
				CODE_SIGN_STYLE = Automatic;
				CURRENT_PROJECT_VERSION = 1;
				GENERATE_INFOPLIST_FILE = YES;
				INFOPLIST_FILE = SuperLotto/App/Info.plist;
				INFOPLIST_KEY_UIApplicationSupportsIndirectInputEvents = YES;
				INFOPLIST_KEY_UILaunchStoryboardName = LaunchScreen;
				INFOPLIST_KEY_UIMainStoryboardFile = "";
				INFOPLIST_KEY_UISupportedInterfaceOrientations_iPad = "UIInterfaceOrientationPortrait UIInterfaceOrientationPortraitUpsideDown UIInterfaceOrientationLandscapeLeft UIInterfaceOrientationLandscapeRight";
				INFOPLIST_KEY_UISupportedInterfaceOrientations_iPhone = "UIInterfaceOrientationPortrait UIInterfaceOrientationLandscapeLeft UIInterfaceOrientationLandscapeRight";
				LD_RUNPATH_SEARCH_PATHS = (
					"$(inherited)",
					"@executable_path/Frameworks",
				);
				MARKETING_VERSION = 1.0;
				PRODUCT_BUNDLE_IDENTIFIER = com.abin.dev.SuperLotto;
				PRODUCT_NAME = "$(TARGET_NAME)";
				SWIFT_EMIT_LOC_STRINGS = YES;
				SWIFT_VERSION = 5.0;
				TARGETED_DEVICE_FAMILY = "1,2";
			};
			name = Release;
		};
		161AF8772C6417E800854037 /* Debug */ = {
			isa = XCBuildConfiguration;
			buildSettings = {
				ALWAYS_EMBED_SWIFT_STANDARD_LIBRARIES = YES;
				BUNDLE_LOADER = "$(TEST_HOST)";
				CLANG_ENABLE_MODULES = YES;
				CODE_SIGN_STYLE = Automatic;
				CURRENT_PROJECT_VERSION = 1;
				GENERATE_INFOPLIST_FILE = YES;
				IPHONEOS_DEPLOYMENT_TARGET = 17.5;
				MARKETING_VERSION = 1.0;
				PRODUCT_BUNDLE_IDENTIFIER = com.abin.dev.SuperLottoTests;
				PRODUCT_NAME = "$(TARGET_NAME)";
				SWIFT_EMIT_LOC_STRINGS = NO;
				SWIFT_OPTIMIZATION_LEVEL = "-Onone";
				SWIFT_VERSION = 5.0;
				TARGETED_DEVICE_FAMILY = "1,2";
				TEST_HOST = "$(BUILT_PRODUCTS_DIR)/SuperLotto.app/$(BUNDLE_EXECUTABLE_FOLDER_PATH)/SuperLotto";
			};
			name = Debug;
		};
		161AF8782C6417E800854037 /* Release */ = {
			isa = XCBuildConfiguration;
			buildSettings = {
				ALWAYS_EMBED_SWIFT_STANDARD_LIBRARIES = YES;
				BUNDLE_LOADER = "$(TEST_HOST)";
				CLANG_ENABLE_MODULES = YES;
				CODE_SIGN_STYLE = Automatic;
				CURRENT_PROJECT_VERSION = 1;
				GENERATE_INFOPLIST_FILE = YES;
				IPHONEOS_DEPLOYMENT_TARGET = 17.5;
				MARKETING_VERSION = 1.0;
				PRODUCT_BUNDLE_IDENTIFIER = com.abin.dev.SuperLottoTests;
				PRODUCT_NAME = "$(TARGET_NAME)";
				SWIFT_EMIT_LOC_STRINGS = NO;
				SWIFT_VERSION = 5.0;
				TARGETED_DEVICE_FAMILY = "1,2";
				TEST_HOST = "$(BUILT_PRODUCTS_DIR)/SuperLotto.app/$(BUNDLE_EXECUTABLE_FOLDER_PATH)/SuperLotto";
			};
			name = Release;
		};
		161AF87A2C6417E800854037 /* Debug */ = {
			isa = XCBuildConfiguration;
			buildSettings = {
				ALWAYS_EMBED_SWIFT_STANDARD_LIBRARIES = YES;
				CODE_SIGN_STYLE = Automatic;
				CURRENT_PROJECT_VERSION = 1;
				GENERATE_INFOPLIST_FILE = YES;
				MARKETING_VERSION = 1.0;
				PRODUCT_BUNDLE_IDENTIFIER = com.abin.dev.SuperLottoUITests;
				PRODUCT_NAME = "$(TARGET_NAME)";
				SWIFT_EMIT_LOC_STRINGS = NO;
				SWIFT_VERSION = 5.0;
				TARGETED_DEVICE_FAMILY = "1,2";
				TEST_TARGET_NAME = SuperLotto;
			};
			name = Debug;
		};
		161AF87B2C6417E800854037 /* Release */ = {
			isa = XCBuildConfiguration;
			buildSettings = {
				ALWAYS_EMBED_SWIFT_STANDARD_LIBRARIES = YES;
				CODE_SIGN_STYLE = Automatic;
				CURRENT_PROJECT_VERSION = 1;
				GENERATE_INFOPLIST_FILE = YES;
				MARKETING_VERSION = 1.0;
				PRODUCT_BUNDLE_IDENTIFIER = com.abin.dev.SuperLottoUITests;
				PRODUCT_NAME = "$(TARGET_NAME)";
				SWIFT_EMIT_LOC_STRINGS = NO;
				SWIFT_VERSION = 5.0;
				TARGETED_DEVICE_FAMILY = "1,2";
				TEST_TARGET_NAME = SuperLotto;
			};
			name = Release;
		};
/* End XCBuildConfiguration section */

/* Begin XCConfigurationList section */
		161AF8442C6417E700854037 /* Build configuration list for PBXProject "SuperLotto" */ = {
			isa = XCConfigurationList;
			buildConfigurations = (
				161AF8712C6417E800854037 /* Debug */,
				161AF8722C6417E800854037 /* Release */,
			);
			defaultConfigurationIsVisible = 0;
			defaultConfigurationName = Release;
		};
		161AF8732C6417E800854037 /* Build configuration list for PBXNativeTarget "SuperLotto" */ = {
			isa = XCConfigurationList;
			buildConfigurations = (
				161AF8742C6417E800854037 /* Debug */,
				161AF8752C6417E800854037 /* Release */,
			);
			defaultConfigurationIsVisible = 0;
			defaultConfigurationName = Release;
		};
		161AF8762C6417E800854037 /* Build configuration list for PBXNativeTarget "SuperLottoTests" */ = {
			isa = XCConfigurationList;
			buildConfigurations = (
				161AF8772C6417E800854037 /* Debug */,
				161AF8782C6417E800854037 /* Release */,
			);
			defaultConfigurationIsVisible = 0;
			defaultConfigurationName = Release;
		};
		161AF8792C6417E800854037 /* Build configuration list for PBXNativeTarget "SuperLottoUITests" */ = {
			isa = XCConfigurationList;
			buildConfigurations = (
				161AF87A2C6417E800854037 /* Debug */,
				161AF87B2C6417E800854037 /* Release */,
			);
			defaultConfigurationIsVisible = 0;
			defaultConfigurationName = Release;
		};
/* End XCConfigurationList section */
	};
	rootObject = 161AF8412C6417E700854037 /* Project object */;
}
